// !$*UTF8*$!
{
	archiveVersion = 1;
	classes = {
	};
	objectVersion = 46;
	objects = {

/* Begin PBXBuildFile section */
		A48D38F71D8201E60049077F /* AppDelegate.swift in Sources */ = {isa = PBXBuildFile; fileRef = A48D38F61D8201E60049077F /* AppDelegate.swift */; };
		A48D38F91D8201E60049077F /* ViewController.swift in Sources */ = {isa = PBXBuildFile; fileRef = A48D38F81D8201E60049077F /* ViewController.swift */; };
		A48D38FC1D8201E60049077F /* Main.storyboard in Resources */ = {isa = PBXBuildFile; fileRef = A48D38FA1D8201E60049077F /* Main.storyboard */; };
		A48D38FE1D8201E60049077F /* Assets.xcassets in Resources */ = {isa = PBXBuildFile; fileRef = A48D38FD1D8201E60049077F /* Assets.xcassets */; };
		A48D39011D8201E70049077F /* LaunchScreen.storyboard in Resources */ = {isa = PBXBuildFile; fileRef = A48D38FF1D8201E70049077F /* LaunchScreen.storyboard */; };
		A48D390C1D8201E70049077F /* TempConverterAppTests.swift in Sources */ = {isa = PBXBuildFile; fileRef = A48D390B1D8201E70049077F /* TempConverterAppTests.swift */; };
		A48D39171D8201E70049077F /* TempConverterAppUITests.swift in Sources */ = {isa = PBXBuildFile; fileRef = A48D39161D8201E70049077F /* TempConverterAppUITests.swift */; };
		A48D39251D8202A40049077F /* TempConverter.swift in Sources */ = {isa = PBXBuildFile; fileRef = A48D39241D8202A40049077F /* TempConverter.swift */; };
/* End PBXBuildFile section */

/* Begin PBXContainerItemProxy section */
		A48D39081D8201E70049077F /* PBXContainerItemProxy */ = {
			isa = PBXContainerItemProxy;
			containerPortal = A48D38EB1D8201E50049077F /* Project object */;
			proxyType = 1;
			remoteGlobalIDString = A48D38F21D8201E50049077F;
			remoteInfo = TempConverterApp;
		};
		A48D39131D8201E70049077F /* PBXContainerItemProxy */ = {
			isa = PBXContainerItemProxy;
			containerPortal = A48D38EB1D8201E50049077F /* Project object */;
			proxyType = 1;
			remoteGlobalIDString = A48D38F21D8201E50049077F;
			remoteInfo = TempConverterApp;
		};
/* End PBXContainerItemProxy section */

/* Begin PBXFileReference section */
		A48D38F31D8201E60049077F /* TempConverterApp.app */ = {isa = PBXFileReference; explicitFileType = wrapper.application; includeInIndex = 0; path = TempConverterApp.app; sourceTree = BUILT_PRODUCTS_DIR; };
		A48D38F61D8201E60049077F /* AppDelegate.swift */ = {isa = PBXFileReference; lastKnownFileType = sourcecode.swift; path = AppDelegate.swift; sourceTree = "<group>"; };
		A48D38F81D8201E60049077F /* ViewController.swift */ = {isa = PBXFileReference; lastKnownFileType = sourcecode.swift; path = ViewController.swift; sourceTree = "<group>"; };
		A48D38FB1D8201E60049077F /* Base */ = {isa = PBXFileReference; lastKnownFileType = file.storyboard; name = Base; path = Base.lproj/Main.storyboard; sourceTree = "<group>"; };
		A48D38FD1D8201E60049077F /* Assets.xcassets */ = {isa = PBXFileReference; lastKnownFileType = folder.assetcatalog; path = Assets.xcassets; sourceTree = "<group>"; };
		A48D39001D8201E70049077F /* Base */ = {isa = PBXFileReference; lastKnownFileType = file.storyboard; name = Base; path = Base.lproj/LaunchScreen.storyboard; sourceTree = "<group>"; };
		A48D39021D8201E70049077F /* Info.plist */ = {isa = PBXFileReference; lastKnownFileType = text.plist.xml; path = Info.plist; sourceTree = "<group>"; };
		A48D39071D8201E70049077F /* TempConverterAppTests.xctest */ = {isa = PBXFileReference; explicitFileType = wrapper.cfbundle; includeInIndex = 0; path = TempConverterAppTests.xctest; sourceTree = BUILT_PRODUCTS_DIR; };
		A48D390B1D8201E70049077F /* TempConverterAppTests.swift */ = {isa = PBXFileReference; lastKnownFileType = sourcecode.swift; path = TempConverterAppTests.swift; sourceTree = "<group>"; };
		A48D390D1D8201E70049077F /* Info.plist */ = {isa = PBXFileReference; lastKnownFileType = text.plist.xml; path = Info.plist; sourceTree = "<group>"; };
		A48D39121D8201E70049077F /* TempConverterAppUITests.xctest */ = {isa = PBXFileReference; explicitFileType = wrapper.cfbundle; includeInIndex = 0; path = TempConverterAppUITests.xctest; sourceTree = BUILT_PRODUCTS_DIR; };
		A48D39161D8201E70049077F /* TempConverterAppUITests.swift */ = {isa = PBXFileReference; lastKnownFileType = sourcecode.swift; path = TempConverterAppUITests.swift; sourceTree = "<group>"; };
		A48D39181D8201E70049077F /* Info.plist */ = {isa = PBXFileReference; lastKnownFileType = text.plist.xml; path = Info.plist; sourceTree = "<group>"; };
		A48D39241D8202A40049077F /* TempConverter.swift */ = {isa = PBXFileReference; fileEncoding = 4; lastKnownFileType = sourcecode.swift; path = TempConverter.swift; sourceTree = "<group>"; };
/* End PBXFileReference section */

/* Begin PBXFrameworksBuildPhase section */
		A48D38F01D8201E50049077F /* Frameworks */ = {
			isa = PBXFrameworksBuildPhase;
			buildActionMask = 2147483647;
			files = (
			);
			runOnlyForDeploymentPostprocessing = 0;
		};
		A48D39041D8201E70049077F /* Frameworks */ = {
			isa = PBXFrameworksBuildPhase;
			buildActionMask = 2147483647;
			files = (
			);
			runOnlyForDeploymentPostprocessing = 0;
		};
		A48D390F1D8201E70049077F /* Frameworks */ = {
			isa = PBXFrameworksBuildPhase;
			buildActionMask = 2147483647;
			files = (
			);
			runOnlyForDeploymentPostprocessing = 0;
		};
/* End PBXFrameworksBuildPhase section */

/* Begin PBXGroup section */
		A48D38EA1D8201E50049077F = {
			isa = PBXGroup;
			children = (
				A48D38F51D8201E60049077F /* TempConverterApp */,
				A48D390A1D8201E70049077F /* TempConverterAppTests */,
				A48D39151D8201E70049077F /* TempConverterAppUITests */,
				A48D38F41D8201E60049077F /* Products */,
			);
			sourceTree = "<group>";
		};
		A48D38F41D8201E60049077F /* Products */ = {
			isa = PBXGroup;
			children = (
				A48D38F31D8201E60049077F /* TempConverterApp.app */,
				A48D39071D8201E70049077F /* TempConverterAppTests.xctest */,
				A48D39121D8201E70049077F /* TempConverterAppUITests.xctest */,
			);
			name = Products;
			sourceTree = "<group>";
		};
		A48D38F51D8201E60049077F /* TempConverterApp */ = {
			isa = PBXGroup;
			children = (
				A48D38F61D8201E60049077F /* AppDelegate.swift */,
				A48D38F81D8201E60049077F /* ViewController.swift */,
				A48D38FA1D8201E60049077F /* Main.storyboard */,
				A48D38FD1D8201E60049077F /* Assets.xcassets */,
				A48D38FF1D8201E70049077F /* LaunchScreen.storyboard */,
				A48D39021D8201E70049077F /* Info.plist */,
				A48D39241D8202A40049077F /* TempConverter.swift */,
			);
			path = TempConverterApp;
			sourceTree = "<group>";
		};
		A48D390A1D8201E70049077F /* TempConverterAppTests */ = {
			isa = PBXGroup;
			children = (
				A48D390B1D8201E70049077F /* TempConverterAppTests.swift */,
				A48D390D1D8201E70049077F /* Info.plist */,
			);
			path = TempConverterAppTests;
			sourceTree = "<group>";
		};
		A48D39151D8201E70049077F /* TempConverterAppUITests */ = {
			isa = PBXGroup;
			children = (
				A48D39161D8201E70049077F /* TempConverterAppUITests.swift */,
				A48D39181D8201E70049077F /* Info.plist */,
			);
			path = TempConverterAppUITests;
			sourceTree = "<group>";
		};
/* End PBXGroup section */

/* Begin PBXNativeTarget section */
		A48D38F21D8201E50049077F /* TempConverterApp */ = {
			isa = PBXNativeTarget;
			buildConfigurationList = A48D391B1D8201E70049077F /* Build configuration list for PBXNativeTarget "TempConverterApp" */;
			buildPhases = (
				A48D38EF1D8201E50049077F /* Sources */,
				A48D38F01D8201E50049077F /* Frameworks */,
				A48D38F11D8201E50049077F /* Resources */,
			);
			buildRules = (
			);
			dependencies = (
			);
			name = TempConverterApp;
			productName = TempConverterApp;
			productReference = A48D38F31D8201E60049077F /* TempConverterApp.app */;
			productType = "com.apple.product-type.application";
		};
		A48D39061D8201E70049077F /* TempConverterAppTests */ = {
			isa = PBXNativeTarget;
			buildConfigurationList = A48D391E1D8201E70049077F /* Build configuration list for PBXNativeTarget "TempConverterAppTests" */;
			buildPhases = (
				A48D39031D8201E70049077F /* Sources */,
				A48D39041D8201E70049077F /* Frameworks */,
				A48D39051D8201E70049077F /* Resources */,
			);
			buildRules = (
			);
			dependencies = (
				A48D39091D8201E70049077F /* PBXTargetDependency */,
			);
			name = TempConverterAppTests;
			productName = TempConverterAppTests;
			productReference = A48D39071D8201E70049077F /* TempConverterAppTests.xctest */;
			productType = "com.apple.product-type.bundle.unit-test";
		};
		A48D39111D8201E70049077F /* TempConverterAppUITests */ = {
			isa = PBXNativeTarget;
			buildConfigurationList = A48D39211D8201E70049077F /* Build configuration list for PBXNativeTarget "TempConverterAppUITests" */;
			buildPhases = (
				A48D390E1D8201E70049077F /* Sources */,
				A48D390F1D8201E70049077F /* Frameworks */,
				A48D39101D8201E70049077F /* Resources */,
			);
			buildRules = (
			);
			dependencies = (
				A48D39141D8201E70049077F /* PBXTargetDependency */,
			);
			name = TempConverterAppUITests;
			productName = TempConverterAppUITests;
			productReference = A48D39121D8201E70049077F /* TempConverterAppUITests.xctest */;
			productType = "com.apple.product-type.bundle.ui-testing";
		};
/* End PBXNativeTarget section */

/* Begin PBXProject section */
		A48D38EB1D8201E50049077F /* Project object */ = {
			isa = PBXProject;
			attributes = {
				LastSwiftUpdateCheck = 0730;
				LastUpgradeCheck = 0730;
				ORGANIZATIONNAME = "Svayam Mishra";
				TargetAttributes = {
					A48D38F21D8201E50049077F = {
						CreatedOnToolsVersion = 7.3.1;
					};
					A48D39061D8201E70049077F = {
						CreatedOnToolsVersion = 7.3.1;
						TestTargetID = A48D38F21D8201E50049077F;
					};
					A48D39111D8201E70049077F = {
						CreatedOnToolsVersion = 7.3.1;
						TestTargetID = A48D38F21D8201E50049077F;
					};
				};
			};
			buildConfigurationList = A48D38EE1D8201E50049077F /* Build configuration list for PBXProject "TempConverterApp" */;
			compatibilityVersion = "Xcode 3.2";
			developmentRegion = English;
			hasScannedForEncodings = 0;
			knownRegions = (
				en,
				Base,
			);
			mainGroup = A48D38EA1D8201E50049077F;
			productRefGroup = A48D38F41D8201E60049077F /* Products */;
			projectDirPath = "";
			projectRoot = "";
			targets = (
				A48D38F21D8201E50049077F /* TempConverterApp */,
				A48D39061D8201E70049077F /* TempConverterAppTests */,
				A48D39111D8201E70049077F /* TempConverterAppUITests */,
			);
		};
/* End PBXProject section */

/* Begin PBXResourcesBuildPhase section */
		A48D38F11D8201E50049077F /* Resources */ = {
			isa = PBXResourcesBuildPhase;
			buildActionMask = 2147483647;
			files = (
				A48D39011D8201E70049077F /* LaunchScreen.storyboard in Resources */,
				A48D38FE1D8201E60049077F /* Assets.xcassets in Resources */,
				A48D38FC1D8201E60049077F /* Main.storyboard in Resources */,
			);
			runOnlyForDeploymentPostprocessing = 0;
		};
		A48D39051D8201E70049077F /* Resources */ = {
			isa = PBXResourcesBuildPhase;
			buildActionMask = 2147483647;
			files = (
			);
			runOnlyForDeploymentPostprocessing = 0;
		};
		A48D39101D8201E70049077F /* Resources */ = {
			isa = PBXResourcesBuildPhase;
			buildActionMask = 2147483647;
			files = (
			);
			runOnlyForDeploymentPostprocessing = 0;
		};
/* End PBXResourcesBuildPhase section */

/* Begin PBXSourcesBuildPhase section */
		A48D38EF1D8201E50049077F /* Sources */ = {
			isa = PBXSourcesBuildPhase;
			buildActionMask = 2147483647;
			files = (
				A48D39251D8202A40049077F /* TempConverter.swift in Sources */,
				A48D38F91D8201E60049077F /* ViewController.swift in Sources */,
				A48D38F71D8201E60049077F /* AppDelegate.swift in Sources */,
			);
			runOnlyForDeploymentPostprocessing = 0;
		};
		A48D39031D8201E70049077F /* Sources */ = {
			isa = PBXSourcesBuildPhase;
			buildActionMask = 2147483647;
			files = (
				A48D390C1D8201E70049077F /* TempConverterAppTests.swift in Sources */,
			);
			runOnlyForDeploymentPostprocessing = 0;
		};
		A48D390E1D8201E70049077F /* Sources */ = {
			isa = PBXSourcesBuildPhase;
			buildActionMask = 2147483647;
			files = (
				A48D39171D8201E70049077F /* TempConverterAppUITests.swift in Sources */,
			);
			runOnlyForDeploymentPostprocessing = 0;
		};
/* End PBXSourcesBuildPhase section */

/* Begin PBXTargetDependency section */
		A48D39091D8201E70049077F /* PBXTargetDependency */ = {
			isa = PBXTargetDependency;
			target = A48D38F21D8201E50049077F /* TempConverterApp */;
			targetProxy = A48D39081D8201E70049077F /* PBXContainerItemProxy */;
		};
		A48D39141D8201E70049077F /* PBXTargetDependency */ = {
			isa = PBXTargetDependency;
			target = A48D38F21D8201E50049077F /* TempConverterApp */;
			targetProxy = A48D39131D8201E70049077F /* PBXContainerItemProxy */;
		};
/* End PBXTargetDependency section */

/* Begin PBXVariantGroup section */
		A48D38FA1D8201E60049077F /* Main.storyboard */ = {
			isa = PBXVariantGroup;
			children = (
				A48D38FB1D8201E60049077F /* Base */,
			);
			name = Main.storyboard;
			sourceTree = "<group>";
		};
		A48D38FF1D8201E70049077F /* LaunchScreen.storyboard */ = {
			isa = PBXVariantGroup;
			children = (
				A48D39001D8201E70049077F /* Base */,
			);
			name = LaunchScreen.storyboard;
			sourceTree = "<group>";
		};
/* End PBXVariantGroup section */

/* Begin XCBuildConfiguration section */
		A48D39191D8201E70049077F /* Debug */ = {
			isa = XCBuildConfiguration;
			buildSettings = {
				ALWAYS_SEARCH_USER_PATHS = NO;
				CLANG_ANALYZER_NONNULL = YES;
				CLANG_CXX_LANGUAGE_STANDARD = "gnu++0x";
				CLANG_CXX_LIBRARY = "libc++";
				CLANG_ENABLE_MODULES = YES;
				CLANG_ENABLE_OBJC_ARC = YES;
				CLANG_WARN_BOOL_CONVERSION = YES;
				CLANG_WARN_CONSTANT_CONVERSION = YES;
				CLANG_WARN_DIRECT_OBJC_ISA_USAGE = YES_ERROR;
				CLANG_WARN_EMPTY_BODY = YES;
				CLANG_WARN_ENUM_CONVERSION = YES;
				CLANG_WARN_INT_CONVERSION = YES;
				CLANG_WARN_OBJC_ROOT_CLASS = YES_ERROR;
				CLANG_WARN_UNREACHABLE_CODE = YES;
				CLANG_WARN__DUPLICATE_METHOD_MATCH = YES;
				"CODE_SIGN_IDENTITY[sdk=iphoneos*]" = "iPhone Developer";
				COPY_PHASE_STRIP = NO;
				DEBUG_INFORMATION_FORMAT = dwarf;
				ENABLE_STRICT_OBJC_MSGSEND = YES;
				ENABLE_TESTABILITY = YES;
				GCC_C_LANGUAGE_STANDARD = gnu99;
				GCC_DYNAMIC_NO_PIC = NO;
				GCC_NO_COMMON_BLOCKS = YES;
				GCC_OPTIMIZATION_LEVEL = 0;
				GCC_PREPROCESSOR_DEFINITIONS = (
					"DEBUG=1",
					"$(inherited)",
				);
				GCC_WARN_64_TO_32_BIT_CONVERSION = YES;
				GCC_WARN_ABOUT_RETURN_TYPE = YES_ERROR;
				GCC_WARN_UNDECLARED_SELECTOR = YES;
				GCC_WARN_UNINITIALIZED_AUTOS = YES_AGGRESSIVE;
				GCC_WARN_UNUSED_FUNCTION = YES;
				GCC_WARN_UNUSED_VARIABLE = YES;
				IPHONEOS_DEPLOYMENT_TARGET = 9.3;
				MTL_ENABLE_DEBUG_INFO = YES;
				ONLY_ACTIVE_ARCH = YES;
				SDKROOT = iphoneos;
				SWIFT_OPTIMIZATION_LEVEL = "-Onone";
			};
			name = Debug;
		};
		A48D391A1D8201E70049077F /* Release */ = {
			isa = XCBuildConfiguration;
			buildSettings = {
				ALWAYS_SEARCH_USER_PATHS = NO;
				CLANG_ANALYZER_NONNULL = YES;
				CLANG_CXX_LANGUAGE_STANDARD = "gnu++0x";
				CLANG_CXX_LIBRARY = "libc++";
				CLANG_ENABLE_MODULES = YES;
				CLANG_ENABLE_OBJC_ARC = YES;
				CLANG_WARN_BOOL_CONVERSION = YES;
				CLANG_WARN_CONSTANT_CONVERSION = YES;
				CLANG_WARN_DIRECT_OBJC_ISA_USAGE = YES_ERROR;
				CLANG_WARN_EMPTY_BODY = YES;
				CLANG_WARN_ENUM_CONVERSION = YES;
				CLANG_WARN_INT_CONVERSION = YES;
				CLANG_WARN_OBJC_ROOT_CLASS = YES_ERROR;
				CLANG_WARN_UNREACHABLE_CODE = YES;
				CLANG_WARN__DUPLICATE_METHOD_MATCH = YES;
				"CODE_SIGN_IDENTITY[sdk=iphoneos*]" = "iPhone Developer";
				COPY_PHASE_STRIP = NO;
				DEBUG_INFORMATION_FORMAT = "dwarf-with-dsym";
				ENABLE_NS_ASSERTIONS = NO;
				ENABLE_STRICT_OBJC_MSGSEND = YES;
				GCC_C_LANGUAGE_STANDARD = gnu99;
				GCC_NO_COMMON_BLOCKS = YES;
				GCC_WARN_64_TO_32_BIT_CONVERSION = YES;
				GCC_WARN_ABOUT_RETURN_TYPE = YES_ERROR;
				GCC_WARN_UNDECLARED_SELECTOR = YES;
				GCC_WARN_UNINITIALIZED_AUTOS = YES_AGGRESSIVE;
				GCC_WARN_UNUSED_FUNCTION = YES;
				GCC_WARN_UNUSED_VARIABLE = YES;
				IPHONEOS_DEPLOYMENT_TARGET = 9.3;
				MTL_ENABLE_DEBUG_INFO = NO;
				SDKROOT = iphoneos;
				VALIDATE_PRODUCT = YES;
			};
			name = Release;
		};
		A48D391C1D8201E70049077F /* Debug */ = {
			isa = XCBuildConfiguration;
			buildSettings = {
				ASSETCATALOG_COMPILER_APPICON_NAME = AppIcon;
				INFOPLIST_FILE = TempConverterApp/Info.plist;
				LD_RUNPATH_SEARCH_PATHS = "$(inherited) @executable_path/Frameworks";
				PRODUCT_BUNDLE_IDENTIFIER = cmuis.TempConverterApp;
				PRODUCT_NAME = "$(TARGET_NAME)";
			};
			name = Debug;
		};
		A48D391D1D8201E70049077F /* Release */ = {
			isa = XCBuildConfiguration;
			buildSettings = {
				ASSETCATALOG_COMPILER_APPICON_NAME = AppIcon;
				INFOPLIST_FILE = TempConverterApp/Info.plist;
				LD_RUNPATH_SEARCH_PATHS = "$(inherited) @executable_path/Frameworks";
				PRODUCT_BUNDLE_IDENTIFIER = cmuis.TempConverterApp;
				PRODUCT_NAME = "$(TARGET_NAME)";
			};
			name = Release;
		};
		A48D391F1D8201E70049077F /* Debug */ = {
			isa = XCBuildConfiguration;
			buildSettings = {
				BUNDLE_LOADER = "$(TEST_HOST)";
				INFOPLIST_FILE = TempConverterAppTests/Info.plist;
				LD_RUNPATH_SEARCH_PATHS = "$(inherited) @executable_path/Frameworks @loader_path/Frameworks";
				PRODUCT_BUNDLE_IDENTIFIER = cmuis.TempConverterAppTests;
				PRODUCT_NAME = "$(TARGET_NAME)";
				TEST_HOST = "$(BUILT_PRODUCTS_DIR)/TempConverterApp.app/TempConverterApp";
			};
			name = Debug;
		};
		A48D39201D8201E70049077F /* Release */ = {
			isa = XCBuildConfiguration;
			buildSettings = {
				BUNDLE_LOADER = "$(TEST_HOST)";
				INFOPLIST_FILE = TempConverterAppTests/Info.plist;
				LD_RUNPATH_SEARCH_PATHS = "$(inherited) @executable_path/Frameworks @loader_path/Frameworks";
				PRODUCT_BUNDLE_IDENTIFIER = cmuis.TempConverterAppTests;
				PRODUCT_NAME = "$(TARGET_NAME)";
				TEST_HOST = "$(BUILT_PRODUCTS_DIR)/TempConverterApp.app/TempConverterApp";
			};
			name = Release;
		};
		A48D39221D8201E70049077F /* Debug */ = {
			isa = XCBuildConfiguration;
			buildSettings = {
				INFOPLIST_FILE = TempConverterAppUITests/Info.plist;
				LD_RUNPATH_SEARCH_PATHS = "$(inherited) @executable_path/Frameworks @loader_path/Frameworks";
				PRODUCT_BUNDLE_IDENTIFIER = cmuis.TempConverterAppUITests;
				PRODUCT_NAME = "$(TARGET_NAME)";
				TEST_TARGET_NAME = TempConverterApp;
			};
			name = Debug;
		};
		A48D39231D8201E70049077F /* Release */ = {
			isa = XCBuildConfiguration;
			buildSettings = {
				INFOPLIST_FILE = TempConverterAppUITests/Info.plist;
				LD_RUNPATH_SEARCH_PATHS = "$(inherited) @executable_path/Frameworks @loader_path/Frameworks";
				PRODUCT_BUNDLE_IDENTIFIER = cmuis.TempConverterAppUITests;
				PRODUCT_NAME = "$(TARGET_NAME)";
				TEST_TARGET_NAME = TempConverterApp;
			};
			name = Release;
		};
/* End XCBuildConfiguration section */

/* Begin XCConfigurationList section */
		A48D38EE1D8201E50049077F /* Build configuration list for PBXProject "TempConverterApp" */ = {
			isa = XCConfigurationList;
			buildConfigurations = (
				A48D39191D8201E70049077F /* Debug */,
				A48D391A1D8201E70049077F /* Release */,
			);
			defaultConfigurationIsVisible = 0;
			defaultConfigurationName = Release;
		};
		A48D391B1D8201E70049077F /* Build configuration list for PBXNativeTarget "TempConverterApp" */ = {
			isa = XCConfigurationList;
			buildConfigurations = (
				A48D391C1D8201E70049077F /* Debug */,
				A48D391D1D8201E70049077F /* Release */,
			);
			defaultConfigurationIsVisible = 0;
		};
		A48D391E1D8201E70049077F /* Build configuration list for PBXNativeTarget "TempConverterAppTests" */ = {
			isa = XCConfigurationList;
			buildConfigurations = (
				A48D391F1D8201E70049077F /* Debug */,
				A48D39201D8201E70049077F /* Release */,
			);
			defaultConfigurationIsVisible = 0;
		};
		A48D39211D8201E70049077F /* Build configuration list for PBXNativeTarget "TempConverterAppUITests" */ = {
			isa = XCConfigurationList;
			buildConfigurations = (
				A48D39221D8201E70049077F /* Debug */,
				A48D39231D8201E70049077F /* Release */,
			);
			defaultConfigurationIsVisible = 0;
		};
/* End XCConfigurationList section */
	};
	rootObject = A48D38EB1D8201E50049077F /* Project object */;
}
