// !$*UTF8*$!
{
	archiveVersion = 1;
	classes = {
	};
	objectVersion = 46;
	objects = {

/* Begin PBXBuildFile section */
		A47CB0961DA5A47500FD1212 /* AppDelegate.swift in Sources */ = {isa = PBXBuildFile; fileRef = A47CB0951DA5A47500FD1212 /* AppDelegate.swift */; };
		A47CB0981DA5A47500FD1212 /* ViewController.swift in Sources */ = {isa = PBXBuildFile; fileRef = A47CB0971DA5A47500FD1212 /* ViewController.swift */; };
		A47CB09B1DA5A47500FD1212 /* Main.storyboard in Resources */ = {isa = PBXBuildFile; fileRef = A47CB0991DA5A47500FD1212 /* Main.storyboard */; };
		A47CB09D1DA5A47500FD1212 /* Assets.xcassets in Resources */ = {isa = PBXBuildFile; fileRef = A47CB09C1DA5A47500FD1212 /* Assets.xcassets */; };
		A47CB0A01DA5A47500FD1212 /* LaunchScreen.storyboard in Resources */ = {isa = PBXBuildFile; fileRef = A47CB09E1DA5A47500FD1212 /* LaunchScreen.storyboard */; };
		A47CB0AB1DA5A47600FD1212 /* YodaSpeakTests.swift in Sources */ = {isa = PBXBuildFile; fileRef = A47CB0AA1DA5A47600FD1212 /* YodaSpeakTests.swift */; };
		A47CB0B61DA5A47600FD1212 /* YodaSpeakUITests.swift in Sources */ = {isa = PBXBuildFile; fileRef = A47CB0B51DA5A47600FD1212 /* YodaSpeakUITests.swift */; };
		A47CB0C41DA5AB3500FD1212 /* yoda_images.xcassets in Resources */ = {isa = PBXBuildFile; fileRef = A47CB0C31DA5AB3500FD1212 /* yoda_images.xcassets */; };
		A47CB0C61DA5F21800FD1212 /* YodishAPI.swift in Sources */ = {isa = PBXBuildFile; fileRef = A47CB0C51DA5F21800FD1212 /* YodishAPI.swift */; };
/* End PBXBuildFile section */

/* Begin PBXContainerItemProxy section */
		A47CB0A71DA5A47600FD1212 /* PBXContainerItemProxy */ = {
			isa = PBXContainerItemProxy;
			containerPortal = A47CB08A1DA5A47400FD1212 /* Project object */;
			proxyType = 1;
			remoteGlobalIDString = A47CB0911DA5A47400FD1212;
			remoteInfo = YodaSpeak;
		};
		A47CB0B21DA5A47600FD1212 /* PBXContainerItemProxy */ = {
			isa = PBXContainerItemProxy;
			containerPortal = A47CB08A1DA5A47400FD1212 /* Project object */;
			proxyType = 1;
			remoteGlobalIDString = A47CB0911DA5A47400FD1212;
			remoteInfo = YodaSpeak;
		};
/* End PBXContainerItemProxy section */

/* Begin PBXFileReference section */
		A47CB0921DA5A47500FD1212 /* YodaSpeak.app */ = {isa = PBXFileReference; explicitFileType = wrapper.application; includeInIndex = 0; path = YodaSpeak.app; sourceTree = BUILT_PRODUCTS_DIR; };
		A47CB0951DA5A47500FD1212 /* AppDelegate.swift */ = {isa = PBXFileReference; lastKnownFileType = sourcecode.swift; path = AppDelegate.swift; sourceTree = "<group>"; };
		A47CB0971DA5A47500FD1212 /* ViewController.swift */ = {isa = PBXFileReference; lastKnownFileType = sourcecode.swift; path = ViewController.swift; sourceTree = "<group>"; };
		A47CB09A1DA5A47500FD1212 /* Base */ = {isa = PBXFileReference; lastKnownFileType = file.storyboard; name = Base; path = Base.lproj/Main.storyboard; sourceTree = "<group>"; };
		A47CB09C1DA5A47500FD1212 /* Assets.xcassets */ = {isa = PBXFileReference; lastKnownFileType = folder.assetcatalog; path = Assets.xcassets; sourceTree = "<group>"; };
		A47CB09F1DA5A47500FD1212 /* Base */ = {isa = PBXFileReference; lastKnownFileType = file.storyboard; name = Base; path = Base.lproj/LaunchScreen.storyboard; sourceTree = "<group>"; };
		A47CB0A11DA5A47500FD1212 /* Info.plist */ = {isa = PBXFileReference; lastKnownFileType = text.plist.xml; path = Info.plist; sourceTree = "<group>"; };
		A47CB0A61DA5A47600FD1212 /* YodaSpeakTests.xctest */ = {isa = PBXFileReference; explicitFileType = wrapper.cfbundle; includeInIndex = 0; path = YodaSpeakTests.xctest; sourceTree = BUILT_PRODUCTS_DIR; };
		A47CB0AA1DA5A47600FD1212 /* YodaSpeakTests.swift */ = {isa = PBXFileReference; lastKnownFileType = sourcecode.swift; path = YodaSpeakTests.swift; sourceTree = "<group>"; };
		A47CB0AC1DA5A47600FD1212 /* Info.plist */ = {isa = PBXFileReference; lastKnownFileType = text.plist.xml; path = Info.plist; sourceTree = "<group>"; };
		A47CB0B11DA5A47600FD1212 /* YodaSpeakUITests.xctest */ = {isa = PBXFileReference; explicitFileType = wrapper.cfbundle; includeInIndex = 0; path = YodaSpeakUITests.xctest; sourceTree = BUILT_PRODUCTS_DIR; };
		A47CB0B51DA5A47600FD1212 /* YodaSpeakUITests.swift */ = {isa = PBXFileReference; lastKnownFileType = sourcecode.swift; path = YodaSpeakUITests.swift; sourceTree = "<group>"; };
		A47CB0B71DA5A47600FD1212 /* Info.plist */ = {isa = PBXFileReference; lastKnownFileType = text.plist.xml; path = Info.plist; sourceTree = "<group>"; };
		A47CB0C31DA5AB3500FD1212 /* yoda_images.xcassets */ = {isa = PBXFileReference; lastKnownFileType = folder.assetcatalog; path = yoda_images.xcassets; sourceTree = SOURCE_ROOT; };
		A47CB0C51DA5F21800FD1212 /* YodishAPI.swift */ = {isa = PBXFileReference; fileEncoding = 4; lastKnownFileType = sourcecode.swift; path = YodishAPI.swift; sourceTree = "<group>"; };
/* End PBXFileReference section */

/* Begin PBXFrameworksBuildPhase section */
		A47CB08F1DA5A47400FD1212 /* Frameworks */ = {
			isa = PBXFrameworksBuildPhase;
			buildActionMask = 2147483647;
			files = (
			);
			runOnlyForDeploymentPostprocessing = 0;
		};
		A47CB0A31DA5A47600FD1212 /* Frameworks */ = {
			isa = PBXFrameworksBuildPhase;
			buildActionMask = 2147483647;
			files = (
			);
			runOnlyForDeploymentPostprocessing = 0;
		};
		A47CB0AE1DA5A47600FD1212 /* Frameworks */ = {
			isa = PBXFrameworksBuildPhase;
			buildActionMask = 2147483647;
			files = (
			);
			runOnlyForDeploymentPostprocessing = 0;
		};
/* End PBXFrameworksBuildPhase section */

/* Begin PBXGroup section */
		A47CB0891DA5A47400FD1212 = {
			isa = PBXGroup;
			children = (
				A47CB0941DA5A47500FD1212 /* YodaSpeak */,
				A47CB0A91DA5A47600FD1212 /* YodaSpeakTests */,
				A47CB0B41DA5A47600FD1212 /* YodaSpeakUITests */,
				A47CB0931DA5A47500FD1212 /* Products */,
			);
			sourceTree = "<group>";
		};
		A47CB0931DA5A47500FD1212 /* Products */ = {
			isa = PBXGroup;
			children = (
				A47CB0921DA5A47500FD1212 /* YodaSpeak.app */,
				A47CB0A61DA5A47600FD1212 /* YodaSpeakTests.xctest */,
				A47CB0B11DA5A47600FD1212 /* YodaSpeakUITests.xctest */,
			);
			name = Products;
			sourceTree = "<group>";
		};
		A47CB0941DA5A47500FD1212 /* YodaSpeak */ = {
			isa = PBXGroup;
			children = (
				A47CB0C31DA5AB3500FD1212 /* yoda_images.xcassets */,
				A47CB0951DA5A47500FD1212 /* AppDelegate.swift */,
				A47CB0971DA5A47500FD1212 /* ViewController.swift */,
				A47CB0C51DA5F21800FD1212 /* YodishAPI.swift */,
				A47CB0991DA5A47500FD1212 /* Main.storyboard */,
				A47CB09C1DA5A47500FD1212 /* Assets.xcassets */,
				A47CB09E1DA5A47500FD1212 /* LaunchScreen.storyboard */,
				A47CB0A11DA5A47500FD1212 /* Info.plist */,
			);
			path = YodaSpeak;
			sourceTree = "<group>";
		};
		A47CB0A91DA5A47600FD1212 /* YodaSpeakTests */ = {
			isa = PBXGroup;
			children = (
				A47CB0AA1DA5A47600FD1212 /* YodaSpeakTests.swift */,
				A47CB0AC1DA5A47600FD1212 /* Info.plist */,
			);
			path = YodaSpeakTests;
			sourceTree = "<group>";
		};
		A47CB0B41DA5A47600FD1212 /* YodaSpeakUITests */ = {
			isa = PBXGroup;
			children = (
				A47CB0B51DA5A47600FD1212 /* YodaSpeakUITests.swift */,
				A47CB0B71DA5A47600FD1212 /* Info.plist */,
			);
			path = YodaSpeakUITests;
			sourceTree = "<group>";
		};
/* End PBXGroup section */

/* Begin PBXNativeTarget section */
		A47CB0911DA5A47400FD1212 /* YodaSpeak */ = {
			isa = PBXNativeTarget;
			buildConfigurationList = A47CB0BA1DA5A47600FD1212 /* Build configuration list for PBXNativeTarget "YodaSpeak" */;
			buildPhases = (
				A47CB08E1DA5A47400FD1212 /* Sources */,
				A47CB08F1DA5A47400FD1212 /* Frameworks */,
				A47CB0901DA5A47400FD1212 /* Resources */,
			);
			buildRules = (
			);
			dependencies = (
			);
			name = YodaSpeak;
			productName = YodaSpeak;
			productReference = A47CB0921DA5A47500FD1212 /* YodaSpeak.app */;
			productType = "com.apple.product-type.application";
		};
		A47CB0A51DA5A47600FD1212 /* YodaSpeakTests */ = {
			isa = PBXNativeTarget;
			buildConfigurationList = A47CB0BD1DA5A47600FD1212 /* Build configuration list for PBXNativeTarget "YodaSpeakTests" */;
			buildPhases = (
				A47CB0A21DA5A47600FD1212 /* Sources */,
				A47CB0A31DA5A47600FD1212 /* Frameworks */,
				A47CB0A41DA5A47600FD1212 /* Resources */,
			);
			buildRules = (
			);
			dependencies = (
				A47CB0A81DA5A47600FD1212 /* PBXTargetDependency */,
			);
			name = YodaSpeakTests;
			productName = YodaSpeakTests;
			productReference = A47CB0A61DA5A47600FD1212 /* YodaSpeakTests.xctest */;
			productType = "com.apple.product-type.bundle.unit-test";
		};
		A47CB0B01DA5A47600FD1212 /* YodaSpeakUITests */ = {
			isa = PBXNativeTarget;
			buildConfigurationList = A47CB0C01DA5A47600FD1212 /* Build configuration list for PBXNativeTarget "YodaSpeakUITests" */;
			buildPhases = (
				A47CB0AD1DA5A47600FD1212 /* Sources */,
				A47CB0AE1DA5A47600FD1212 /* Frameworks */,
				A47CB0AF1DA5A47600FD1212 /* Resources */,
			);
			buildRules = (
			);
			dependencies = (
				A47CB0B31DA5A47600FD1212 /* PBXTargetDependency */,
			);
			name = YodaSpeakUITests;
			productName = YodaSpeakUITests;
			productReference = A47CB0B11DA5A47600FD1212 /* YodaSpeakUITests.xctest */;
			productType = "com.apple.product-type.bundle.ui-testing";
		};
/* End PBXNativeTarget section */

/* Begin PBXProject section */
		A47CB08A1DA5A47400FD1212 /* Project object */ = {
			isa = PBXProject;
			attributes = {
				LastSwiftUpdateCheck = 0800;
				LastUpgradeCheck = 0800;
				ORGANIZATIONNAME = "Svayam Mishra";
				TargetAttributes = {
					A47CB0911DA5A47400FD1212 = {
						CreatedOnToolsVersion = 8.0;
						ProvisioningStyle = Automatic;
					};
					A47CB0A51DA5A47600FD1212 = {
						CreatedOnToolsVersion = 8.0;
						ProvisioningStyle = Automatic;
						TestTargetID = A47CB0911DA5A47400FD1212;
					};
					A47CB0B01DA5A47600FD1212 = {
						CreatedOnToolsVersion = 8.0;
						ProvisioningStyle = Automatic;
						TestTargetID = A47CB0911DA5A47400FD1212;
					};
				};
			};
			buildConfigurationList = A47CB08D1DA5A47400FD1212 /* Build configuration list for PBXProject "YodaSpeak" */;
			compatibilityVersion = "Xcode 3.2";
			developmentRegion = English;
			hasScannedForEncodings = 0;
			knownRegions = (
				en,
				Base,
			);
			mainGroup = A47CB0891DA5A47400FD1212;
			productRefGroup = A47CB0931DA5A47500FD1212 /* Products */;
			projectDirPath = "";
			projectRoot = "";
			targets = (
				A47CB0911DA5A47400FD1212 /* YodaSpeak */,
				A47CB0A51DA5A47600FD1212 /* YodaSpeakTests */,
				A47CB0B01DA5A47600FD1212 /* YodaSpeakUITests */,
			);
		};
/* End PBXProject section */

/* Begin PBXResourcesBuildPhase section */
		A47CB0901DA5A47400FD1212 /* Resources */ = {
			isa = PBXResourcesBuildPhase;
			buildActionMask = 2147483647;
			files = (
				A47CB0A01DA5A47500FD1212 /* LaunchScreen.storyboard in Resources */,
				A47CB09D1DA5A47500FD1212 /* Assets.xcassets in Resources */,
				A47CB0C41DA5AB3500FD1212 /* yoda_images.xcassets in Resources */,
				A47CB09B1DA5A47500FD1212 /* Main.storyboard in Resources */,
			);
			runOnlyForDeploymentPostprocessing = 0;
		};
		A47CB0A41DA5A47600FD1212 /* Resources */ = {
			isa = PBXResourcesBuildPhase;
			buildActionMask = 2147483647;
			files = (
			);
			runOnlyForDeploymentPostprocessing = 0;
		};
		A47CB0AF1DA5A47600FD1212 /* Resources */ = {
			isa = PBXResourcesBuildPhase;
			buildActionMask = 2147483647;
			files = (
			);
			runOnlyForDeploymentPostprocessing = 0;
		};
/* End PBXResourcesBuildPhase section */

/* Begin PBXSourcesBuildPhase section */
		A47CB08E1DA5A47400FD1212 /* Sources */ = {
			isa = PBXSourcesBuildPhase;
			buildActionMask = 2147483647;
			files = (
				A47CB0981DA5A47500FD1212 /* ViewController.swift in Sources */,
				A47CB0961DA5A47500FD1212 /* AppDelegate.swift in Sources */,
				A47CB0C61DA5F21800FD1212 /* YodishAPI.swift in Sources */,
			);
			runOnlyForDeploymentPostprocessing = 0;
		};
		A47CB0A21DA5A47600FD1212 /* Sources */ = {
			isa = PBXSourcesBuildPhase;
			buildActionMask = 2147483647;
			files = (
				A47CB0AB1DA5A47600FD1212 /* YodaSpeakTests.swift in Sources */,
			);
			runOnlyForDeploymentPostprocessing = 0;
		};
		A47CB0AD1DA5A47600FD1212 /* Sources */ = {
			isa = PBXSourcesBuildPhase;
			buildActionMask = 2147483647;
			files = (
				A47CB0B61DA5A47600FD1212 /* YodaSpeakUITests.swift in Sources */,
			);
			runOnlyForDeploymentPostprocessing = 0;
		};
/* End PBXSourcesBuildPhase section */

/* Begin PBXTargetDependency section */
		A47CB0A81DA5A47600FD1212 /* PBXTargetDependency */ = {
			isa = PBXTargetDependency;
			target = A47CB0911DA5A47400FD1212 /* YodaSpeak */;
			targetProxy = A47CB0A71DA5A47600FD1212 /* PBXContainerItemProxy */;
		};
		A47CB0B31DA5A47600FD1212 /* PBXTargetDependency */ = {
			isa = PBXTargetDependency;
			target = A47CB0911DA5A47400FD1212 /* YodaSpeak */;
			targetProxy = A47CB0B21DA5A47600FD1212 /* PBXContainerItemProxy */;
		};
/* End PBXTargetDependency section */

/* Begin PBXVariantGroup section */
		A47CB0991DA5A47500FD1212 /* Main.storyboard */ = {
			isa = PBXVariantGroup;
			children = (
				A47CB09A1DA5A47500FD1212 /* Base */,
			);
			name = Main.storyboard;
			sourceTree = "<group>";
		};
		A47CB09E1DA5A47500FD1212 /* LaunchScreen.storyboard */ = {
			isa = PBXVariantGroup;
			children = (
				A47CB09F1DA5A47500FD1212 /* Base */,
			);
			name = LaunchScreen.storyboard;
			sourceTree = "<group>";
		};
/* End PBXVariantGroup section */

/* Begin XCBuildConfiguration section */
		A47CB0B81DA5A47600FD1212 /* Debug */ = {
			isa = XCBuildConfiguration;
			buildSettings = {
				ALWAYS_SEARCH_USER_PATHS = NO;
				CLANG_ANALYZER_NONNULL = YES;
				CLANG_CXX_LANGUAGE_STANDARD = "gnu++0x";
				CLANG_CXX_LIBRARY = "libc++";
				CLANG_ENABLE_MODULES = YES;
				CLANG_ENABLE_OBJC_ARC = YES;
				CLANG_WARN_BOOL_CONVERSION = YES;
				CLANG_WARN_CONSTANT_CONVERSION = YES;
				CLANG_WARN_DIRECT_OBJC_ISA_USAGE = YES_ERROR;
				CLANG_WARN_DOCUMENTATION_COMMENTS = YES;
				CLANG_WARN_EMPTY_BODY = YES;
				CLANG_WARN_ENUM_CONVERSION = YES;
				CLANG_WARN_INFINITE_RECURSION = YES;
				CLANG_WARN_INT_CONVERSION = YES;
				CLANG_WARN_OBJC_ROOT_CLASS = YES_ERROR;
				CLANG_WARN_SUSPICIOUS_MOVES = YES;
				CLANG_WARN_UNREACHABLE_CODE = YES;
				CLANG_WARN__DUPLICATE_METHOD_MATCH = YES;
				"CODE_SIGN_IDENTITY[sdk=iphoneos*]" = "iPhone Developer";
				COPY_PHASE_STRIP = NO;
				DEBUG_INFORMATION_FORMAT = dwarf;
				ENABLE_STRICT_OBJC_MSGSEND = YES;
				ENABLE_TESTABILITY = YES;
				GCC_C_LANGUAGE_STANDARD = gnu99;
				GCC_DYNAMIC_NO_PIC = NO;
				GCC_NO_COMMON_BLOCKS = YES;
				GCC_OPTIMIZATION_LEVEL = 0;
				GCC_PREPROCESSOR_DEFINITIONS = (
					"DEBUG=1",
					"$(inherited)",
				);
				GCC_WARN_64_TO_32_BIT_CONVERSION = YES;
				GCC_WARN_ABOUT_RETURN_TYPE = YES_ERROR;
				GCC_WARN_UNDECLARED_SELECTOR = YES;
				GCC_WARN_UNINITIALIZED_AUTOS = YES_AGGRESSIVE;
				GCC_WARN_UNUSED_FUNCTION = YES;
				GCC_WARN_UNUSED_VARIABLE = YES;
				IPHONEOS_DEPLOYMENT_TARGET = 9.3;
				MTL_ENABLE_DEBUG_INFO = YES;
				ONLY_ACTIVE_ARCH = YES;
				SDKROOT = iphoneos;
				SWIFT_ACTIVE_COMPILATION_CONDITIONS = DEBUG;
				SWIFT_OPTIMIZATION_LEVEL = "-Onone";
			};
			name = Debug;
		};
		A47CB0B91DA5A47600FD1212 /* Release */ = {
			isa = XCBuildConfiguration;
			buildSettings = {
				ALWAYS_SEARCH_USER_PATHS = NO;
				CLANG_ANALYZER_NONNULL = YES;
				CLANG_CXX_LANGUAGE_STANDARD = "gnu++0x";
				CLANG_CXX_LIBRARY = "libc++";
				CLANG_ENABLE_MODULES = YES;
				CLANG_ENABLE_OBJC_ARC = YES;
				CLANG_WARN_BOOL_CONVERSION = YES;
				CLANG_WARN_CONSTANT_CONVERSION = YES;
				CLANG_WARN_DIRECT_OBJC_ISA_USAGE = YES_ERROR;
				CLANG_WARN_DOCUMENTATION_COMMENTS = YES;
				CLANG_WARN_EMPTY_BODY = YES;
				CLANG_WARN_ENUM_CONVERSION = YES;
				CLANG_WARN_INFINITE_RECURSION = YES;
				CLANG_WARN_INT_CONVERSION = YES;
				CLANG_WARN_OBJC_ROOT_CLASS = YES_ERROR;
				CLANG_WARN_SUSPICIOUS_MOVES = YES;
				CLANG_WARN_UNREACHABLE_CODE = YES;
				CLANG_WARN__DUPLICATE_METHOD_MATCH = YES;
				"CODE_SIGN_IDENTITY[sdk=iphoneos*]" = "iPhone Developer";
				COPY_PHASE_STRIP = NO;
				DEBUG_INFORMATION_FORMAT = "dwarf-with-dsym";
				ENABLE_NS_ASSERTIONS = NO;
				ENABLE_STRICT_OBJC_MSGSEND = YES;
				GCC_C_LANGUAGE_STANDARD = gnu99;
				GCC_NO_COMMON_BLOCKS = YES;
				GCC_WARN_64_TO_32_BIT_CONVERSION = YES;
				GCC_WARN_ABOUT_RETURN_TYPE = YES_ERROR;
				GCC_WARN_UNDECLARED_SELECTOR = YES;
				GCC_WARN_UNINITIALIZED_AUTOS = YES_AGGRESSIVE;
				GCC_WARN_UNUSED_FUNCTION = YES;
				GCC_WARN_UNUSED_VARIABLE = YES;
				IPHONEOS_DEPLOYMENT_TARGET = 9.3;
				MTL_ENABLE_DEBUG_INFO = NO;
				SDKROOT = iphoneos;
				SWIFT_OPTIMIZATION_LEVEL = "-Owholemodule";
				VALIDATE_PRODUCT = YES;
			};
			name = Release;
		};
		A47CB0BB1DA5A47600FD1212 /* Debug */ = {
			isa = XCBuildConfiguration;
			buildSettings = {
				ASSETCATALOG_COMPILER_APPICON_NAME = AppIcon;
				INFOPLIST_FILE = YodaSpeak/Info.plist;
				IPHONEOS_DEPLOYMENT_TARGET = 9.3;
				LD_RUNPATH_SEARCH_PATHS = "$(inherited) @executable_path/Frameworks";
				PRODUCT_BUNDLE_IDENTIFIER = cmuis.YodaSpeak;
				PRODUCT_NAME = "$(TARGET_NAME)";
				SWIFT_VERSION = 2.3;
			};
			name = Debug;
		};
		A47CB0BC1DA5A47600FD1212 /* Release */ = {
			isa = XCBuildConfiguration;
			buildSettings = {
				ASSETCATALOG_COMPILER_APPICON_NAME = AppIcon;
				INFOPLIST_FILE = YodaSpeak/Info.plist;
				IPHONEOS_DEPLOYMENT_TARGET = 9.3;
				LD_RUNPATH_SEARCH_PATHS = "$(inherited) @executable_path/Frameworks";
				PRODUCT_BUNDLE_IDENTIFIER = cmuis.YodaSpeak;
				PRODUCT_NAME = "$(TARGET_NAME)";
				SWIFT_VERSION = 2.3;
			};
			name = Release;
		};
		A47CB0BE1DA5A47600FD1212 /* Debug */ = {
			isa = XCBuildConfiguration;
			buildSettings = {
				ALWAYS_EMBED_SWIFT_STANDARD_LIBRARIES = YES;
				BUNDLE_LOADER = "$(TEST_HOST)";
				INFOPLIST_FILE = YodaSpeakTests/Info.plist;
				LD_RUNPATH_SEARCH_PATHS = "$(inherited) @executable_path/Frameworks @loader_path/Frameworks";
				PRODUCT_BUNDLE_IDENTIFIER = cmuis.YodaSpeakTests;
				PRODUCT_NAME = "$(TARGET_NAME)";
				SWIFT_VERSION = 3.0;
				TEST_HOST = "$(BUILT_PRODUCTS_DIR)/YodaSpeak.app/YodaSpeak";
			};
			name = Debug;
		};
		A47CB0BF1DA5A47600FD1212 /* Release */ = {
			isa = XCBuildConfiguration;
			buildSettings = {
				ALWAYS_EMBED_SWIFT_STANDARD_LIBRARIES = YES;
				BUNDLE_LOADER = "$(TEST_HOST)";
				INFOPLIST_FILE = YodaSpeakTests/Info.plist;
				LD_RUNPATH_SEARCH_PATHS = "$(inherited) @executable_path/Frameworks @loader_path/Frameworks";
				PRODUCT_BUNDLE_IDENTIFIER = cmuis.YodaSpeakTests;
				PRODUCT_NAME = "$(TARGET_NAME)";
				SWIFT_VERSION = 3.0;
				TEST_HOST = "$(BUILT_PRODUCTS_DIR)/YodaSpeak.app/YodaSpeak";
			};
			name = Release;
		};
		A47CB0C11DA5A47600FD1212 /* Debug */ = {
			isa = XCBuildConfiguration;
			buildSettings = {
				ALWAYS_EMBED_SWIFT_STANDARD_LIBRARIES = YES;
				INFOPLIST_FILE = YodaSpeakUITests/Info.plist;
				LD_RUNPATH_SEARCH_PATHS = "$(inherited) @executable_path/Frameworks @loader_path/Frameworks";
				PRODUCT_BUNDLE_IDENTIFIER = cmuis.YodaSpeakUITests;
				PRODUCT_NAME = "$(TARGET_NAME)";
				SWIFT_VERSION = 3.0;
				TEST_TARGET_NAME = YodaSpeak;
			};
			name = Debug;
		};
		A47CB0C21DA5A47600FD1212 /* Release */ = {
			isa = XCBuildConfiguration;
			buildSettings = {
				ALWAYS_EMBED_SWIFT_STANDARD_LIBRARIES = YES;
				INFOPLIST_FILE = YodaSpeakUITests/Info.plist;
				LD_RUNPATH_SEARCH_PATHS = "$(inherited) @executable_path/Frameworks @loader_path/Frameworks";
				PRODUCT_BUNDLE_IDENTIFIER = cmuis.YodaSpeakUITests;
				PRODUCT_NAME = "$(TARGET_NAME)";
				SWIFT_VERSION = 3.0;
				TEST_TARGET_NAME = YodaSpeak;
			};
			name = Release;
		};
/* End XCBuildConfiguration section */

/* Begin XCConfigurationList section */
		A47CB08D1DA5A47400FD1212 /* Build configuration list for PBXProject "YodaSpeak" */ = {
			isa = XCConfigurationList;
			buildConfigurations = (
				A47CB0B81DA5A47600FD1212 /* Debug */,
				A47CB0B91DA5A47600FD1212 /* Release */,
			);
			defaultConfigurationIsVisible = 0;
			defaultConfigurationName = Release;
		};
		A47CB0BA1DA5A47600FD1212 /* Build configuration list for PBXNativeTarget "YodaSpeak" */ = {
			isa = XCConfigurationList;
			buildConfigurations = (
				A47CB0BB1DA5A47600FD1212 /* Debug */,
				A47CB0BC1DA5A47600FD1212 /* Release */,
			);
			defaultConfigurationIsVisible = 0;
		};
		A47CB0BD1DA5A47600FD1212 /* Build configuration list for PBXNativeTarget "YodaSpeakTests" */ = {
			isa = XCConfigurationList;
			buildConfigurations = (
				A47CB0BE1DA5A47600FD1212 /* Debug */,
				A47CB0BF1DA5A47600FD1212 /* Release */,
			);
			defaultConfigurationIsVisible = 0;
		};
		A47CB0C01DA5A47600FD1212 /* Build configuration list for PBXNativeTarget "YodaSpeakUITests" */ = {
			isa = XCConfigurationList;
			buildConfigurations = (
				A47CB0C11DA5A47600FD1212 /* Debug */,
				A47CB0C21DA5A47600FD1212 /* Release */,
			);
			defaultConfigurationIsVisible = 0;
		};
/* End XCConfigurationList section */
	};
	rootObject = A47CB08A1DA5A47400FD1212 /* Project object */;
}
