// !$*UTF8*$!
{
	archiveVersion = 1;
	classes = {
	};
	objectVersion = 46;
	objects = {

/* Begin PBXFileReference section */
		A4FC696C1D9DE4320092DB0B /* Heap.swift */ = {isa = PBXFileReference; lastKnownFileType = sourcecode.swift; path = Heap.swift; sourceTree = "<group>"; };
		A4FC696D1D9DE4430092DB0B /* HeapTests.swift */ = {isa = PBXFileReference; lastKnownFileType = sourcecode.swift; path = HeapTests.swift; sourceTree = "<group>"; };
/* End PBXFileReference section */

/* Begin PBXGroup section */
		A4FC69651D9DE4280092DB0B = {
			isa = PBXGroup;
			children = (
				A4FC696D1D9DE4430092DB0B /* HeapTests.swift */,
				A4FC696C1D9DE4320092DB0B /* Heap.swift */,
			);
			sourceTree = "<group>";
		};
/* End PBXGroup section */

/* Begin PBXProject section */
		A4FC69661D9DE4280092DB0B /* Project object */ = {
			isa = PBXProject;
			attributes = {
				LastUpgradeCheck = 0730;
			};
			buildConfigurationList = A4FC69691D9DE4280092DB0B /* Build configuration list for PBXProject "Tests" */;
			compatibilityVersion = "Xcode 3.2";
			developmentRegion = English;
			hasScannedForEncodings = 0;
			knownRegions = (
				en,
			);
			mainGroup = A4FC69651D9DE4280092DB0B;
			projectDirPath = "";
			projectRoot = "";
			targets = (
			);
		};
/* End PBXProject section */

/* Begin XCBuildConfiguration section */
		A4FC696A1D9DE4280092DB0B /* Debug */ = {
			isa = XCBuildConfiguration;
			buildSettings = {
			};
			name = Debug;
		};
		A4FC696B1D9DE4280092DB0B /* Release */ = {
			isa = XCBuildConfiguration;
			buildSettings = {
			};
			name = Release;
		};
/* End XCBuildConfiguration section */

/* Begin XCConfigurationList section */
		A4FC69691D9DE4280092DB0B /* Build configuration list for PBXProject "Tests" */ = {
			isa = XCConfigurationList;
			buildConfigurations = (
				A4FC696A1D9DE4280092DB0B /* Debug */,
				A4FC696B1D9DE4280092DB0B /* Release */,
			);
			defaultConfigurationIsVisible = 0;
			defaultConfigurationName = Release;
		};
/* End XCConfigurationList section */
	};
	rootObject = A4FC69661D9DE4280092DB0B /* Project object */;
}
